// !$*UTF8*$!
{
	archiveVersion = 1;
	classes = {
	};
	objectVersion = 56;
	objects = {

/* Begin PBXBuildFile section */
		C614A34029FA844700A05F29 /* LoadingView.swift in Sources */ = {isa = PBXBuildFile; fileRef = C614A33F29FA844700A05F29 /* LoadingView.swift */; };
		C6246FDE2A585CBC00402F6C /* rotate_phone.gif in Resources */ = {isa = PBXBuildFile; fileRef = C6246FDD2A585CBC00402F6C /* rotate_phone.gif */; };
		C6246FE02A585D8700402F6C /* GifImage.swift in Sources */ = {isa = PBXBuildFile; fileRef = C6246FDF2A585D8700402F6C /* GifImage.swift */; };
		C6246FE42A58766100402F6C /* timer.gif in Resources */ = {isa = PBXBuildFile; fileRef = C6246FE32A58766100402F6C /* timer.gif */; };
		C63603102A595457001A2084 /* TimerView.swift in Sources */ = {isa = PBXBuildFile; fileRef = C636030F2A595457001A2084 /* TimerView.swift */; };
		C63603122A595C40001A2084 /* ButtonsView.swift in Sources */ = {isa = PBXBuildFile; fileRef = C63603112A595C40001A2084 /* ButtonsView.swift */; };
		C63603142A597514001A2084 /* ReportView.swift in Sources */ = {isa = PBXBuildFile; fileRef = C63603132A597514001A2084 /* ReportView.swift */; };
		C68243E829F9792300E9E0B0 /* HomeView.swift in Sources */ = {isa = PBXBuildFile; fileRef = C68243E729F9792300E9E0B0 /* HomeView.swift */; };
		C68243EC29F97B4900E9E0B0 /* UIModifiers.swift in Sources */ = {isa = PBXBuildFile; fileRef = C68243EB29F97B4900E9E0B0 /* UIModifiers.swift */; };
		C698FC142A6978B90061ABE7 /* LocationManager.swift in Sources */ = {isa = PBXBuildFile; fileRef = C698FC132A6978B90061ABE7 /* LocationManager.swift */; };
		C6A16F4A2A5D9AA4005AED63 /* AudioToolbox.framework in Frameworks */ = {isa = PBXBuildFile; fileRef = C6A16F492A5D9AA4005AED63 /* AudioToolbox.framework */; };
		C6A16F4E2A5D9F28005AED63 /* CoreLocation.framework in Frameworks */ = {isa = PBXBuildFile; fileRef = C6A16F4C2A5D9F28005AED63 /* CoreLocation.framework */; };
		C6A16F4F2A5D9F28005AED63 /* CoreLocationUI.framework in Frameworks */ = {isa = PBXBuildFile; fileRef = C6A16F4D2A5D9F28005AED63 /* CoreLocationUI.framework */; };
		C6C388C72AA8C7BF006D4482 /* TimeIntervalManager.swift in Sources */ = {isa = PBXBuildFile; fileRef = C6C388C62AA8C7BF006D4482 /* TimeIntervalManager.swift */; };
		C6D2B65329F966BE0030A8AC /* udriveiosApp.swift in Sources */ = {isa = PBXBuildFile; fileRef = C6D2B65229F966BE0030A8AC /* udriveiosApp.swift */; };
		C6D2B65529F966BE0030A8AC /* ContentView.swift in Sources */ = {isa = PBXBuildFile; fileRef = C6D2B65429F966BE0030A8AC /* ContentView.swift */; };
		C6D2B65729F966BF0030A8AC /* Assets.xcassets in Resources */ = {isa = PBXBuildFile; fileRef = C6D2B65629F966BF0030A8AC /* Assets.xcassets */; };
		C6D2B65A29F966BF0030A8AC /* Preview Assets.xcassets in Resources */ = {isa = PBXBuildFile; fileRef = C6D2B65929F966BF0030A8AC /* Preview Assets.xcassets */; };
		C6D2B66429F966C00030A8AC /* udriveiosTests.swift in Sources */ = {isa = PBXBuildFile; fileRef = C6D2B66329F966C00030A8AC /* udriveiosTests.swift */; };
		C6D2B66E29F966C00030A8AC /* udriveiosUITests.swift in Sources */ = {isa = PBXBuildFile; fileRef = C6D2B66D29F966C00030A8AC /* udriveiosUITests.swift */; };
		C6D2B67029F966C00030A8AC /* udriveiosUITestsLaunchTests.swift in Sources */ = {isa = PBXBuildFile; fileRef = C6D2B66F29F966C00030A8AC /* udriveiosUITestsLaunchTests.swift */; };
		C6E2FA1D2AAF4A7A006CB7EC /* ConfettiSwiftUI in Frameworks */ = {isa = PBXBuildFile; productRef = C6E2FA1C2AAF4A7A006CB7EC /* ConfettiSwiftUI */; };
		C6E6490B2AA334EC00808BB2 /* DangerousLocationManager.swift in Sources */ = {isa = PBXBuildFile; fileRef = C6E6490A2AA334EC00808BB2 /* DangerousLocationManager.swift */; };
		C6E6490E2AA37D3500808BB2 /* Direction.swift in Sources */ = {isa = PBXBuildFile; fileRef = C6E6490D2AA37D3500808BB2 /* Direction.swift */; };
		C6E649102AA61F7600808BB2 /* UdriveClassifer.mlpackage in Sources */ = {isa = PBXBuildFile; fileRef = C6E6490F2AA61F7500808BB2 /* UdriveClassifer.mlpackage */; };
		C6E649122AA626A700808BB2 /* SensorValuesManager.swift in Sources */ = {isa = PBXBuildFile; fileRef = C6E649112AA626A700808BB2 /* SensorValuesManager.swift */; };
		C6F277EC2AA0DF24008A7D1A /* .gitignore in Resources */ = {isa = PBXBuildFile; fileRef = C6F277EB2AA0DF24008A7D1A /* .gitignore */; };
		C6F756B12A97916D004895A7 /* MapView.swift in Sources */ = {isa = PBXBuildFile; fileRef = C6F756B02A97916D004895A7 /* MapView.swift */; };
		C6F756B52A979973004895A7 /* CoreDataManager.swift in Sources */ = {isa = PBXBuildFile; fileRef = C6F756B42A979973004895A7 /* CoreDataManager.swift */; };
		C6F756B82A979F5A004895A7 /* udriveDataModel.xcdatamodeld in Sources */ = {isa = PBXBuildFile; fileRef = C6F756B62A979F5A004895A7 /* udriveDataModel.xcdatamodeld */; };
		C6FCD6432A657FE200700AD9 /* SoundPlayer.swift in Sources */ = {isa = PBXBuildFile; fileRef = C6FCD6422A657FE200700AD9 /* SoundPlayer.swift */; };
		F547D7942A20ED7B00B23FD4 /* Utils.swift in Sources */ = {isa = PBXBuildFile; fileRef = F547D7932A20ED7B00B23FD4 /* Utils.swift */; };
		F59997F22A24DBAE005D2677 /* AlertView.swift in Sources */ = {isa = PBXBuildFile; fileRef = F59997F12A24DBAE005D2677 /* AlertView.swift */; };
		F5A043EA2A2E2BFD00D647E1 /* Classifier.swift in Sources */ = {isa = PBXBuildFile; fileRef = F5A043E92A2E2BFD00D647E1 /* Classifier.swift */; };
		F5B5E1CE2A0926F400C7730F /* SensorValues.swift in Sources */ = {isa = PBXBuildFile; fileRef = F5B5E1CD2A0926F400C7730F /* SensorValues.swift */; };
		F5B5E1D02A09293C00C7730F /* CMMotionManager.swift in Sources */ = {isa = PBXBuildFile; fileRef = F5B5E1CF2A09293C00C7730F /* CMMotionManager.swift */; };
		F5C65DCB2A125B8D00A1D906 /* ViewDidLoadModifier.swift in Sources */ = {isa = PBXBuildFile; fileRef = F5C65DCA2A125B8D00A1D906 /* ViewDidLoadModifier.swift */; };
		F5FE2B292A3362B5002A1ED2 /* LaunchScreenStep.swift in Sources */ = {isa = PBXBuildFile; fileRef = F5FE2B282A3362B5002A1ED2 /* LaunchScreenStep.swift */; };
		F5FE2B2B2A3362D6002A1ED2 /* LaunchScreenStateManager.swift in Sources */ = {isa = PBXBuildFile; fileRef = F5FE2B2A2A3362D6002A1ED2 /* LaunchScreenStateManager.swift */; };
		F5FE2B2D2A336A54002A1ED2 /* StartView.swift in Sources */ = {isa = PBXBuildFile; fileRef = F5FE2B2C2A336A54002A1ED2 /* StartView.swift */; };
/* End PBXBuildFile section */

/* Begin PBXContainerItemProxy section */
		C6D2B66029F966BF0030A8AC /* PBXContainerItemProxy */ = {
			isa = PBXContainerItemProxy;
			containerPortal = C6D2B64729F966BE0030A8AC /* Project object */;
			proxyType = 1;
			remoteGlobalIDString = C6D2B64E29F966BE0030A8AC;
			remoteInfo = udriveios;
		};
		C6D2B66A29F966C00030A8AC /* PBXContainerItemProxy */ = {
			isa = PBXContainerItemProxy;
			containerPortal = C6D2B64729F966BE0030A8AC /* Project object */;
			proxyType = 1;
			remoteGlobalIDString = C6D2B64E29F966BE0030A8AC;
			remoteInfo = udriveios;
		};
/* End PBXContainerItemProxy section */

/* Begin PBXFileReference section */
		C614A33F29FA844700A05F29 /* LoadingView.swift */ = {isa = PBXFileReference; lastKnownFileType = sourcecode.swift; path = LoadingView.swift; sourceTree = "<group>"; };
		C6246FDD2A585CBC00402F6C /* rotate_phone.gif */ = {isa = PBXFileReference; lastKnownFileType = image.gif; path = rotate_phone.gif; sourceTree = "<group>"; };
		C6246FDF2A585D8700402F6C /* GifImage.swift */ = {isa = PBXFileReference; lastKnownFileType = sourcecode.swift; path = GifImage.swift; sourceTree = "<group>"; };
		C6246FE32A58766100402F6C /* timer.gif */ = {isa = PBXFileReference; lastKnownFileType = image.gif; path = timer.gif; sourceTree = "<group>"; };
		C636030F2A595457001A2084 /* TimerView.swift */ = {isa = PBXFileReference; lastKnownFileType = sourcecode.swift; path = TimerView.swift; sourceTree = "<group>"; };
		C63603112A595C40001A2084 /* ButtonsView.swift */ = {isa = PBXFileReference; lastKnownFileType = sourcecode.swift; path = ButtonsView.swift; sourceTree = "<group>"; };
		C63603132A597514001A2084 /* ReportView.swift */ = {isa = PBXFileReference; lastKnownFileType = sourcecode.swift; path = ReportView.swift; sourceTree = "<group>"; };
		C68243E729F9792300E9E0B0 /* HomeView.swift */ = {isa = PBXFileReference; lastKnownFileType = sourcecode.swift; path = HomeView.swift; sourceTree = "<group>"; };
		C68243EB29F97B4900E9E0B0 /* UIModifiers.swift */ = {isa = PBXFileReference; lastKnownFileType = sourcecode.swift; path = UIModifiers.swift; sourceTree = "<group>"; };
		C698FC132A6978B90061ABE7 /* LocationManager.swift */ = {isa = PBXFileReference; lastKnownFileType = sourcecode.swift; path = LocationManager.swift; sourceTree = "<group>"; };
		C6A16F492A5D9AA4005AED63 /* AudioToolbox.framework */ = {isa = PBXFileReference; lastKnownFileType = wrapper.framework; name = AudioToolbox.framework; path = System/Library/Frameworks/AudioToolbox.framework; sourceTree = SDKROOT; };
		C6A16F4B2A5D9BC5005AED63 /* Info.plist */ = {isa = PBXFileReference; lastKnownFileType = text.plist; path = Info.plist; sourceTree = "<group>"; };
		C6A16F4C2A5D9F28005AED63 /* CoreLocation.framework */ = {isa = PBXFileReference; lastKnownFileType = wrapper.framework; name = CoreLocation.framework; path = System/Library/Frameworks/CoreLocation.framework; sourceTree = SDKROOT; };
		C6A16F4D2A5D9F28005AED63 /* CoreLocationUI.framework */ = {isa = PBXFileReference; lastKnownFileType = wrapper.framework; name = CoreLocationUI.framework; path = System/Library/Frameworks/CoreLocationUI.framework; sourceTree = SDKROOT; };
		C6C388C62AA8C7BF006D4482 /* TimeIntervalManager.swift */ = {isa = PBXFileReference; lastKnownFileType = sourcecode.swift; path = TimeIntervalManager.swift; sourceTree = "<group>"; };
		C6D2B64F29F966BE0030A8AC /* udriveios.app */ = {isa = PBXFileReference; explicitFileType = wrapper.application; includeInIndex = 0; path = udriveios.app; sourceTree = BUILT_PRODUCTS_DIR; };
		C6D2B65229F966BE0030A8AC /* udriveiosApp.swift */ = {isa = PBXFileReference; lastKnownFileType = sourcecode.swift; path = udriveiosApp.swift; sourceTree = "<group>"; };
		C6D2B65429F966BE0030A8AC /* ContentView.swift */ = {isa = PBXFileReference; lastKnownFileType = sourcecode.swift; path = ContentView.swift; sourceTree = "<group>"; };
		C6D2B65629F966BF0030A8AC /* Assets.xcassets */ = {isa = PBXFileReference; lastKnownFileType = folder.assetcatalog; path = Assets.xcassets; sourceTree = "<group>"; };
		C6D2B65929F966BF0030A8AC /* Preview Assets.xcassets */ = {isa = PBXFileReference; lastKnownFileType = folder.assetcatalog; path = "Preview Assets.xcassets"; sourceTree = "<group>"; };
		C6D2B65F29F966BF0030A8AC /* udriveiosTests.xctest */ = {isa = PBXFileReference; explicitFileType = wrapper.cfbundle; includeInIndex = 0; path = udriveiosTests.xctest; sourceTree = BUILT_PRODUCTS_DIR; };
		C6D2B66329F966C00030A8AC /* udriveiosTests.swift */ = {isa = PBXFileReference; lastKnownFileType = sourcecode.swift; path = udriveiosTests.swift; sourceTree = "<group>"; };
		C6D2B66929F966C00030A8AC /* udriveiosUITests.xctest */ = {isa = PBXFileReference; explicitFileType = wrapper.cfbundle; includeInIndex = 0; path = udriveiosUITests.xctest; sourceTree = BUILT_PRODUCTS_DIR; };
		C6D2B66D29F966C00030A8AC /* udriveiosUITests.swift */ = {isa = PBXFileReference; lastKnownFileType = sourcecode.swift; path = udriveiosUITests.swift; sourceTree = "<group>"; };
		C6D2B66F29F966C00030A8AC /* udriveiosUITestsLaunchTests.swift */ = {isa = PBXFileReference; lastKnownFileType = sourcecode.swift; path = udriveiosUITestsLaunchTests.swift; sourceTree = "<group>"; };
		C6E6490A2AA334EC00808BB2 /* DangerousLocationManager.swift */ = {isa = PBXFileReference; lastKnownFileType = sourcecode.swift; path = DangerousLocationManager.swift; sourceTree = "<group>"; };
		C6E6490D2AA37D3500808BB2 /* Direction.swift */ = {isa = PBXFileReference; lastKnownFileType = sourcecode.swift; path = Direction.swift; sourceTree = "<group>"; };
		C6E6490F2AA61F7500808BB2 /* UdriveClassifer.mlpackage */ = {isa = PBXFileReference; lastKnownFileType = folder.mlpackage; path = UdriveClassifer.mlpackage; sourceTree = "<group>"; };
		C6E649112AA626A700808BB2 /* SensorValuesManager.swift */ = {isa = PBXFileReference; lastKnownFileType = sourcecode.swift; path = SensorValuesManager.swift; sourceTree = "<group>"; };
		C6F277EB2AA0DF24008A7D1A /* .gitignore */ = {isa = PBXFileReference; lastKnownFileType = text; path = .gitignore; sourceTree = "<group>"; };
		C6F756B02A97916D004895A7 /* MapView.swift */ = {isa = PBXFileReference; lastKnownFileType = sourcecode.swift; path = MapView.swift; sourceTree = "<group>"; };
		C6F756B42A979973004895A7 /* CoreDataManager.swift */ = {isa = PBXFileReference; lastKnownFileType = sourcecode.swift; path = CoreDataManager.swift; sourceTree = "<group>"; };
		C6F756B72A979F5A004895A7 /* udriveDataModel.xcdatamodel */ = {isa = PBXFileReference; lastKnownFileType = wrapper.xcdatamodel; path = udriveDataModel.xcdatamodel; sourceTree = "<group>"; };
		C6FCD6422A657FE200700AD9 /* SoundPlayer.swift */ = {isa = PBXFileReference; lastKnownFileType = sourcecode.swift; path = SoundPlayer.swift; sourceTree = "<group>"; };
		F547D7932A20ED7B00B23FD4 /* Utils.swift */ = {isa = PBXFileReference; lastKnownFileType = sourcecode.swift; path = Utils.swift; sourceTree = "<group>"; };
		F59997F12A24DBAE005D2677 /* AlertView.swift */ = {isa = PBXFileReference; lastKnownFileType = sourcecode.swift; path = AlertView.swift; sourceTree = "<group>"; };
		F5A043E92A2E2BFD00D647E1 /* Classifier.swift */ = {isa = PBXFileReference; lastKnownFileType = sourcecode.swift; path = Classifier.swift; sourceTree = "<group>"; };
		F5B5E1CD2A0926F400C7730F /* SensorValues.swift */ = {isa = PBXFileReference; lastKnownFileType = sourcecode.swift; name = SensorValues.swift; path = udriveios/model/model/SensorValues.swift; sourceTree = SOURCE_ROOT; };
		F5B5E1CF2A09293C00C7730F /* CMMotionManager.swift */ = {isa = PBXFileReference; lastKnownFileType = sourcecode.swift; name = CMMotionManager.swift; path = udriveios/controller/CMMotionManager.swift; sourceTree = SOURCE_ROOT; };
		F5C65DCA2A125B8D00A1D906 /* ViewDidLoadModifier.swift */ = {isa = PBXFileReference; lastKnownFileType = sourcecode.swift; path = ViewDidLoadModifier.swift; sourceTree = "<group>"; };
		F5FE2B282A3362B5002A1ED2 /* LaunchScreenStep.swift */ = {isa = PBXFileReference; lastKnownFileType = sourcecode.swift; path = LaunchScreenStep.swift; sourceTree = "<group>"; };
		F5FE2B2A2A3362D6002A1ED2 /* LaunchScreenStateManager.swift */ = {isa = PBXFileReference; lastKnownFileType = sourcecode.swift; path = LaunchScreenStateManager.swift; sourceTree = "<group>"; };
		F5FE2B2C2A336A54002A1ED2 /* StartView.swift */ = {isa = PBXFileReference; lastKnownFileType = sourcecode.swift; path = StartView.swift; sourceTree = "<group>"; };
/* End PBXFileReference section */

/* Begin PBXFrameworksBuildPhase section */
		C6D2B64C29F966BE0030A8AC /* Frameworks */ = {
			isa = PBXFrameworksBuildPhase;
			buildActionMask = 2147483647;
			files = (
				C6A16F4E2A5D9F28005AED63 /* CoreLocation.framework in Frameworks */,
				C6A16F4F2A5D9F28005AED63 /* CoreLocationUI.framework in Frameworks */,
				C6E2FA1D2AAF4A7A006CB7EC /* ConfettiSwiftUI in Frameworks */,
				C6A16F4A2A5D9AA4005AED63 /* AudioToolbox.framework in Frameworks */,
			);
			runOnlyForDeploymentPostprocessing = 0;
		};
		C6D2B65C29F966BF0030A8AC /* Frameworks */ = {
			isa = PBXFrameworksBuildPhase;
			buildActionMask = 2147483647;
			files = (
			);
			runOnlyForDeploymentPostprocessing = 0;
		};
		C6D2B66629F966C00030A8AC /* Frameworks */ = {
			isa = PBXFrameworksBuildPhase;
			buildActionMask = 2147483647;
			files = (
			);
			runOnlyForDeploymentPostprocessing = 0;
		};
/* End PBXFrameworksBuildPhase section */

/* Begin PBXGroup section */
		C68243E629F9790200E9E0B0 /* view */ = {
			isa = PBXGroup;
			children = (
				C6D2B65429F966BE0030A8AC /* ContentView.swift */,
				F59997F12A24DBAE005D2677 /* AlertView.swift */,
				C68243E729F9792300E9E0B0 /* HomeView.swift */,
				C614A33F29FA844700A05F29 /* LoadingView.swift */,
				F5FE2B2C2A336A54002A1ED2 /* StartView.swift */,
				C6246FDF2A585D8700402F6C /* GifImage.swift */,
				C63603132A597514001A2084 /* ReportView.swift */,
				C636030F2A595457001A2084 /* TimerView.swift */,
				C63603112A595C40001A2084 /* ButtonsView.swift */,
				C6F756B02A97916D004895A7 /* MapView.swift */,
			);
			path = view;
			sourceTree = "<group>";
		};
		C68243EA29F97B2A00E9E0B0 /* controller */ = {
			isa = PBXGroup;
			children = (
				C68243EB29F97B4900E9E0B0 /* UIModifiers.swift */,
				F5FE2B282A3362B5002A1ED2 /* LaunchScreenStep.swift */,
				F5FE2B2A2A3362D6002A1ED2 /* LaunchScreenStateManager.swift */,
				F5C65DCA2A125B8D00A1D906 /* ViewDidLoadModifier.swift */,
				F5A043E92A2E2BFD00D647E1 /* Classifier.swift */,
				C6FCD6422A657FE200700AD9 /* SoundPlayer.swift */,
				C698FC132A6978B90061ABE7 /* LocationManager.swift */,
				C6E649112AA626A700808BB2 /* SensorValuesManager.swift */,
				C6F756B42A979973004895A7 /* CoreDataManager.swift */,
				F5B5E1CF2A09293C00C7730F /* CMMotionManager.swift */,
				C6E6490A2AA334EC00808BB2 /* DangerousLocationManager.swift */,
				C6C388C62AA8C7BF006D4482 /* TimeIntervalManager.swift */,
			);
			path = controller;
			sourceTree = "<group>";
		};
		C6A16F482A5D9AA4005AED63 /* Frameworks */ = {
			isa = PBXGroup;
			children = (
				C6A16F4C2A5D9F28005AED63 /* CoreLocation.framework */,
				C6A16F4D2A5D9F28005AED63 /* CoreLocationUI.framework */,
				C6A16F492A5D9AA4005AED63 /* AudioToolbox.framework */,
			);
			name = Frameworks;
			sourceTree = "<group>";
		};
		C6D2B64629F966BE0030A8AC = {
			isa = PBXGroup;
			children = (
				C6F277EB2AA0DF24008A7D1A /* .gitignore */,
				C6F756B62A979F5A004895A7 /* udriveDataModel.xcdatamodeld */,
				C6246FE32A58766100402F6C /* timer.gif */,
				C6246FDD2A585CBC00402F6C /* rotate_phone.gif */,
				C6D2B65129F966BE0030A8AC /* udriveios */,
				C6D2B66229F966C00030A8AC /* udriveiosTests */,
				C6D2B66C29F966C00030A8AC /* udriveiosUITests */,
				C6D2B65029F966BE0030A8AC /* Products */,
				C6A16F482A5D9AA4005AED63 /* Frameworks */,
			);
			sourceTree = "<group>";
		};
		C6D2B65029F966BE0030A8AC /* Products */ = {
			isa = PBXGroup;
			children = (
				C6D2B64F29F966BE0030A8AC /* udriveios.app */,
				C6D2B65F29F966BF0030A8AC /* udriveiosTests.xctest */,
				C6D2B66929F966C00030A8AC /* udriveiosUITests.xctest */,
			);
			name = Products;
			sourceTree = "<group>";
		};
		C6D2B65129F966BE0030A8AC /* udriveios */ = {
			isa = PBXGroup;
			children = (
				C6A16F4B2A5D9BC5005AED63 /* Info.plist */,
				C6E6490F2AA61F7500808BB2 /* UdriveClassifer.mlpackage */,
				C68243EA29F97B2A00E9E0B0 /* controller */,
				C6D2B65229F966BE0030A8AC /* udriveiosApp.swift */,
				F564549C2A127B3000E881FF /* model */,
				C68243E629F9790200E9E0B0 /* view */,
				C6D2B65629F966BF0030A8AC /* Assets.xcassets */,
				C6D2B65829F966BF0030A8AC /* Preview Content */,
			);
			path = udriveios;
			sourceTree = "<group>";
		};
		C6D2B65829F966BF0030A8AC /* Preview Content */ = {
			isa = PBXGroup;
			children = (
				C6D2B65929F966BF0030A8AC /* Preview Assets.xcassets */,
			);
			path = "Preview Content";
			sourceTree = "<group>";
		};
		C6D2B66229F966C00030A8AC /* udriveiosTests */ = {
			isa = PBXGroup;
			children = (
				C6D2B66329F966C00030A8AC /* udriveiosTests.swift */,
			);
			path = udriveiosTests;
			sourceTree = "<group>";
		};
		C6D2B66C29F966C00030A8AC /* udriveiosUITests */ = {
			isa = PBXGroup;
			children = (
				C6D2B66D29F966C00030A8AC /* udriveiosUITests.swift */,
				C6D2B66F29F966C00030A8AC /* udriveiosUITestsLaunchTests.swift */,
			);
			path = udriveiosUITests;
			sourceTree = "<group>";
		};
		F564549C2A127B3000E881FF /* model */ = {
			isa = PBXGroup;
			children = (
				F547D7932A20ED7B00B23FD4 /* Utils.swift */,
				C6E6490D2AA37D3500808BB2 /* Direction.swift */,
				F5B5E1CD2A0926F400C7730F /* SensorValues.swift */,
			);
			name = model;
			path = model/model;
			sourceTree = "<group>";
		};
/* End PBXGroup section */

/* Begin PBXNativeTarget section */
		C6D2B64E29F966BE0030A8AC /* udriveios */ = {
			isa = PBXNativeTarget;
			buildConfigurationList = C6D2B67329F966C00030A8AC /* Build configuration list for PBXNativeTarget "udriveios" */;
			buildPhases = (
				C6D2B64B29F966BE0030A8AC /* Sources */,
				C6D2B64C29F966BE0030A8AC /* Frameworks */,
				C6D2B64D29F966BE0030A8AC /* Resources */,
			);
			buildRules = (
			);
			dependencies = (
			);
			name = udriveios;
			packageProductDependencies = (
				C6E2FA1C2AAF4A7A006CB7EC /* ConfettiSwiftUI */,
			);
			productName = udriveios;
			productReference = C6D2B64F29F966BE0030A8AC /* udriveios.app */;
			productType = "com.apple.product-type.application";
		};
		C6D2B65E29F966BF0030A8AC /* udriveiosTests */ = {
			isa = PBXNativeTarget;
			buildConfigurationList = C6D2B67629F966C00030A8AC /* Build configuration list for PBXNativeTarget "udriveiosTests" */;
			buildPhases = (
				C6D2B65B29F966BF0030A8AC /* Sources */,
				C6D2B65C29F966BF0030A8AC /* Frameworks */,
				C6D2B65D29F966BF0030A8AC /* Resources */,
			);
			buildRules = (
			);
			dependencies = (
				C6D2B66129F966BF0030A8AC /* PBXTargetDependency */,
			);
			name = udriveiosTests;
			productName = udriveiosTests;
			productReference = C6D2B65F29F966BF0030A8AC /* udriveiosTests.xctest */;
			productType = "com.apple.product-type.bundle.unit-test";
		};
		C6D2B66829F966C00030A8AC /* udriveiosUITests */ = {
			isa = PBXNativeTarget;
			buildConfigurationList = C6D2B67929F966C00030A8AC /* Build configuration list for PBXNativeTarget "udriveiosUITests" */;
			buildPhases = (
				C6D2B66529F966C00030A8AC /* Sources */,
				C6D2B66629F966C00030A8AC /* Frameworks */,
				C6D2B66729F966C00030A8AC /* Resources */,
			);
			buildRules = (
			);
			dependencies = (
				C6D2B66B29F966C00030A8AC /* PBXTargetDependency */,
			);
			name = udriveiosUITests;
			productName = udriveiosUITests;
			productReference = C6D2B66929F966C00030A8AC /* udriveiosUITests.xctest */;
			productType = "com.apple.product-type.bundle.ui-testing";
		};
/* End PBXNativeTarget section */

/* Begin PBXProject section */
		C6D2B64729F966BE0030A8AC /* Project object */ = {
			isa = PBXProject;
			attributes = {
				BuildIndependentTargetsInParallel = 1;
				LastSwiftUpdateCheck = 1410;
				LastUpgradeCheck = 1410;
				TargetAttributes = {
					C6D2B64E29F966BE0030A8AC = {
						CreatedOnToolsVersion = 14.1;
					};
					C6D2B65E29F966BF0030A8AC = {
						CreatedOnToolsVersion = 14.1;
						TestTargetID = C6D2B64E29F966BE0030A8AC;
					};
					C6D2B66829F966C00030A8AC = {
						CreatedOnToolsVersion = 14.1;
						TestTargetID = C6D2B64E29F966BE0030A8AC;
					};
				};
			};
			buildConfigurationList = C6D2B64A29F966BE0030A8AC /* Build configuration list for PBXProject "udriveios" */;
			compatibilityVersion = "Xcode 14.0";
			developmentRegion = en;
			hasScannedForEncodings = 0;
			knownRegions = (
				en,
				Base,
			);
			mainGroup = C6D2B64629F966BE0030A8AC;
			packageReferences = (
				C6E2FA1B2AAF4A7A006CB7EC /* XCRemoteSwiftPackageReference "ConfettiSwiftUI" */,
			);
			productRefGroup = C6D2B65029F966BE0030A8AC /* Products */;
			projectDirPath = "";
			projectRoot = "";
			targets = (
				C6D2B64E29F966BE0030A8AC /* udriveios */,
				C6D2B65E29F966BF0030A8AC /* udriveiosTests */,
				C6D2B66829F966C00030A8AC /* udriveiosUITests */,
			);
		};
/* End PBXProject section */

/* Begin PBXResourcesBuildPhase section */
		C6D2B64D29F966BE0030A8AC /* Resources */ = {
			isa = PBXResourcesBuildPhase;
			buildActionMask = 2147483647;
			files = (
				C6F277EC2AA0DF24008A7D1A /* .gitignore in Resources */,
				C6246FDE2A585CBC00402F6C /* rotate_phone.gif in Resources */,
				C6D2B65A29F966BF0030A8AC /* Preview Assets.xcassets in Resources */,
				C6246FE42A58766100402F6C /* timer.gif in Resources */,
				C6D2B65729F966BF0030A8AC /* Assets.xcassets in Resources */,
			);
			runOnlyForDeploymentPostprocessing = 0;
		};
		C6D2B65D29F966BF0030A8AC /* Resources */ = {
			isa = PBXResourcesBuildPhase;
			buildActionMask = 2147483647;
			files = (
			);
			runOnlyForDeploymentPostprocessing = 0;
		};
		C6D2B66729F966C00030A8AC /* Resources */ = {
			isa = PBXResourcesBuildPhase;
			buildActionMask = 2147483647;
			files = (
			);
			runOnlyForDeploymentPostprocessing = 0;
		};
/* End PBXResourcesBuildPhase section */

/* Begin PBXSourcesBuildPhase section */
		C6D2B64B29F966BE0030A8AC /* Sources */ = {
			isa = PBXSourcesBuildPhase;
			buildActionMask = 2147483647;
			files = (
				C6D2B65529F966BE0030A8AC /* ContentView.swift in Sources */,
				F5B5E1CE2A0926F400C7730F /* SensorValues.swift in Sources */,
				F5FE2B292A3362B5002A1ED2 /* LaunchScreenStep.swift in Sources */,
				C68243E829F9792300E9E0B0 /* HomeView.swift in Sources */,
				C6D2B65329F966BE0030A8AC /* udriveiosApp.swift in Sources */,
				F547D7942A20ED7B00B23FD4 /* Utils.swift in Sources */,
				F5FE2B2B2A3362D6002A1ED2 /* LaunchScreenStateManager.swift in Sources */,
				C6F756B12A97916D004895A7 /* MapView.swift in Sources */,
				C6FCD6432A657FE200700AD9 /* SoundPlayer.swift in Sources */,
				C6E6490B2AA334EC00808BB2 /* DangerousLocationManager.swift in Sources */,
				C63603102A595457001A2084 /* TimerView.swift in Sources */,
				F59997F22A24DBAE005D2677 /* AlertView.swift in Sources */,
				C6E649122AA626A700808BB2 /* SensorValuesManager.swift in Sources */,
				C63603122A595C40001A2084 /* ButtonsView.swift in Sources */,
				C6F756B52A979973004895A7 /* CoreDataManager.swift in Sources */,
				F5B5E1D02A09293C00C7730F /* CMMotionManager.swift in Sources */,
				C698FC142A6978B90061ABE7 /* LocationManager.swift in Sources */,
				F5A043EA2A2E2BFD00D647E1 /* Classifier.swift in Sources */,
				C614A34029FA844700A05F29 /* LoadingView.swift in Sources */,
				C68243EC29F97B4900E9E0B0 /* UIModifiers.swift in Sources */,
				C6E649102AA61F7600808BB2 /* UdriveClassifer.mlpackage in Sources */,
				C63603142A597514001A2084 /* ReportView.swift in Sources */,
				F5C65DCB2A125B8D00A1D906 /* ViewDidLoadModifier.swift in Sources */,
				C6C388C72AA8C7BF006D4482 /* TimeIntervalManager.swift in Sources */,
				F5FE2B2D2A336A54002A1ED2 /* StartView.swift in Sources */,
				C6F756B82A979F5A004895A7 /* udriveDataModel.xcdatamodeld in Sources */,
				C6246FE02A585D8700402F6C /* GifImage.swift in Sources */,
				C6E6490E2AA37D3500808BB2 /* Direction.swift in Sources */,
			);
			runOnlyForDeploymentPostprocessing = 0;
		};
		C6D2B65B29F966BF0030A8AC /* Sources */ = {
			isa = PBXSourcesBuildPhase;
			buildActionMask = 2147483647;
			files = (
				C6D2B66429F966C00030A8AC /* udriveiosTests.swift in Sources */,
			);
			runOnlyForDeploymentPostprocessing = 0;
		};
		C6D2B66529F966C00030A8AC /* Sources */ = {
			isa = PBXSourcesBuildPhase;
			buildActionMask = 2147483647;
			files = (
				C6D2B66E29F966C00030A8AC /* udriveiosUITests.swift in Sources */,
				C6D2B67029F966C00030A8AC /* udriveiosUITestsLaunchTests.swift in Sources */,
			);
			runOnlyForDeploymentPostprocessing = 0;
		};
/* End PBXSourcesBuildPhase section */

/* Begin PBXTargetDependency section */
		C6D2B66129F966BF0030A8AC /* PBXTargetDependency */ = {
			isa = PBXTargetDependency;
			target = C6D2B64E29F966BE0030A8AC /* udriveios */;
			targetProxy = C6D2B66029F966BF0030A8AC /* PBXContainerItemProxy */;
		};
		C6D2B66B29F966C00030A8AC /* PBXTargetDependency */ = {
			isa = PBXTargetDependency;
			target = C6D2B64E29F966BE0030A8AC /* udriveios */;
			targetProxy = C6D2B66A29F966C00030A8AC /* PBXContainerItemProxy */;
		};
/* End PBXTargetDependency section */

/* Begin XCBuildConfiguration section */
		C6D2B67129F966C00030A8AC /* Debug */ = {
			isa = XCBuildConfiguration;
			buildSettings = {
				ALWAYS_SEARCH_USER_PATHS = NO;
				CLANG_ANALYZER_NONNULL = YES;
				CLANG_ANALYZER_NUMBER_OBJECT_CONVERSION = YES_AGGRESSIVE;
				CLANG_CXX_LANGUAGE_STANDARD = "gnu++20";
				CLANG_ENABLE_MODULES = YES;
				CLANG_ENABLE_OBJC_ARC = YES;
				CLANG_ENABLE_OBJC_WEAK = YES;
				CLANG_WARN_BLOCK_CAPTURE_AUTORELEASING = YES;
				CLANG_WARN_BOOL_CONVERSION = YES;
				CLANG_WARN_COMMA = YES;
				CLANG_WARN_CONSTANT_CONVERSION = YES;
				CLANG_WARN_DEPRECATED_OBJC_IMPLEMENTATIONS = YES;
				CLANG_WARN_DIRECT_OBJC_ISA_USAGE = YES_ERROR;
				CLANG_WARN_DOCUMENTATION_COMMENTS = YES;
				CLANG_WARN_EMPTY_BODY = YES;
				CLANG_WARN_ENUM_CONVERSION = YES;
				CLANG_WARN_INFINITE_RECURSION = YES;
				CLANG_WARN_INT_CONVERSION = YES;
				CLANG_WARN_NON_LITERAL_NULL_CONVERSION = YES;
				CLANG_WARN_OBJC_IMPLICIT_RETAIN_SELF = YES;
				CLANG_WARN_OBJC_LITERAL_CONVERSION = YES;
				CLANG_WARN_OBJC_ROOT_CLASS = YES_ERROR;
				CLANG_WARN_QUOTED_INCLUDE_IN_FRAMEWORK_HEADER = YES;
				CLANG_WARN_RANGE_LOOP_ANALYSIS = YES;
				CLANG_WARN_STRICT_PROTOTYPES = YES;
				CLANG_WARN_SUSPICIOUS_MOVE = YES;
				CLANG_WARN_UNGUARDED_AVAILABILITY = YES_AGGRESSIVE;
				CLANG_WARN_UNREACHABLE_CODE = YES;
				CLANG_WARN__DUPLICATE_METHOD_MATCH = YES;
				COPY_PHASE_STRIP = NO;
				DEBUG_INFORMATION_FORMAT = dwarf;
				ENABLE_STRICT_OBJC_MSGSEND = YES;
				ENABLE_TESTABILITY = YES;
				GCC_C_LANGUAGE_STANDARD = gnu11;
				GCC_DYNAMIC_NO_PIC = NO;
				GCC_NO_COMMON_BLOCKS = YES;
				GCC_OPTIMIZATION_LEVEL = 0;
				GCC_PREPROCESSOR_DEFINITIONS = (
					"DEBUG=1",
					"$(inherited)",
				);
				GCC_WARN_64_TO_32_BIT_CONVERSION = YES;
				GCC_WARN_ABOUT_RETURN_TYPE = YES_ERROR;
				GCC_WARN_UNDECLARED_SELECTOR = YES;
				GCC_WARN_UNINITIALIZED_AUTOS = YES_AGGRESSIVE;
				GCC_WARN_UNUSED_FUNCTION = YES;
				GCC_WARN_UNUSED_VARIABLE = YES;
				IPHONEOS_DEPLOYMENT_TARGET = 16.0;
				MTL_ENABLE_DEBUG_INFO = INCLUDE_SOURCE;
				MTL_FAST_MATH = YES;
				ONLY_ACTIVE_ARCH = YES;
				SDKROOT = iphoneos;
				SWIFT_ACTIVE_COMPILATION_CONDITIONS = DEBUG;
				SWIFT_OPTIMIZATION_LEVEL = "-Onone";
			};
			name = Debug;
		};
		C6D2B67229F966C00030A8AC /* Release */ = {
			isa = XCBuildConfiguration;
			buildSettings = {
				ALWAYS_SEARCH_USER_PATHS = NO;
				CLANG_ANALYZER_NONNULL = YES;
				CLANG_ANALYZER_NUMBER_OBJECT_CONVERSION = YES_AGGRESSIVE;
				CLANG_CXX_LANGUAGE_STANDARD = "gnu++20";
				CLANG_ENABLE_MODULES = YES;
				CLANG_ENABLE_OBJC_ARC = YES;
				CLANG_ENABLE_OBJC_WEAK = YES;
				CLANG_WARN_BLOCK_CAPTURE_AUTORELEASING = YES;
				CLANG_WARN_BOOL_CONVERSION = YES;
				CLANG_WARN_COMMA = YES;
				CLANG_WARN_CONSTANT_CONVERSION = YES;
				CLANG_WARN_DEPRECATED_OBJC_IMPLEMENTATIONS = YES;
				CLANG_WARN_DIRECT_OBJC_ISA_USAGE = YES_ERROR;
				CLANG_WARN_DOCUMENTATION_COMMENTS = YES;
				CLANG_WARN_EMPTY_BODY = YES;
				CLANG_WARN_ENUM_CONVERSION = YES;
				CLANG_WARN_INFINITE_RECURSION = YES;
				CLANG_WARN_INT_CONVERSION = YES;
				CLANG_WARN_NON_LITERAL_NULL_CONVERSION = YES;
				CLANG_WARN_OBJC_IMPLICIT_RETAIN_SELF = YES;
				CLANG_WARN_OBJC_LITERAL_CONVERSION = YES;
				CLANG_WARN_OBJC_ROOT_CLASS = YES_ERROR;
				CLANG_WARN_QUOTED_INCLUDE_IN_FRAMEWORK_HEADER = YES;
				CLANG_WARN_RANGE_LOOP_ANALYSIS = YES;
				CLANG_WARN_STRICT_PROTOTYPES = YES;
				CLANG_WARN_SUSPICIOUS_MOVE = YES;
				CLANG_WARN_UNGUARDED_AVAILABILITY = YES_AGGRESSIVE;
				CLANG_WARN_UNREACHABLE_CODE = YES;
				CLANG_WARN__DUPLICATE_METHOD_MATCH = YES;
				COPY_PHASE_STRIP = NO;
				DEBUG_INFORMATION_FORMAT = "dwarf-with-dsym";
				ENABLE_NS_ASSERTIONS = NO;
				ENABLE_STRICT_OBJC_MSGSEND = YES;
				GCC_C_LANGUAGE_STANDARD = gnu11;
				GCC_NO_COMMON_BLOCKS = YES;
				GCC_WARN_64_TO_32_BIT_CONVERSION = YES;
				GCC_WARN_ABOUT_RETURN_TYPE = YES_ERROR;
				GCC_WARN_UNDECLARED_SELECTOR = YES;
				GCC_WARN_UNINITIALIZED_AUTOS = YES_AGGRESSIVE;
				GCC_WARN_UNUSED_FUNCTION = YES;
				GCC_WARN_UNUSED_VARIABLE = YES;
				IPHONEOS_DEPLOYMENT_TARGET = 16.0;
				MTL_ENABLE_DEBUG_INFO = NO;
				MTL_FAST_MATH = YES;
				SDKROOT = iphoneos;
				SWIFT_COMPILATION_MODE = wholemodule;
				SWIFT_OPTIMIZATION_LEVEL = "-O";
				VALIDATE_PRODUCT = YES;
			};
			name = Release;
		};
		C6D2B67429F966C00030A8AC /* Debug */ = {
			isa = XCBuildConfiguration;
			buildSettings = {
				ASSETCATALOG_COMPILER_APPICON_NAME = AppIcon;
				ASSETCATALOG_COMPILER_GLOBAL_ACCENT_COLOR_NAME = AccentColor;
				CODE_SIGN_STYLE = Automatic;
				CURRENT_PROJECT_VERSION = 1;
				DEVELOPMENT_ASSET_PATHS = "\"udriveios/Preview Content\"";
				DEVELOPMENT_TEAM = 48JSG55QLH;
				ENABLE_PREVIEWS = YES;
				GENERATE_INFOPLIST_FILE = YES;
				INFOPLIST_FILE = udriveios/Info.plist;
				INFOPLIST_KEY_LSApplicationCategoryType = "public.app-category.travel";
				INFOPLIST_KEY_NSLocationAlwaysAndWhenInUseUsageDescription = "";
				INFOPLIST_KEY_NSLocationWhenInUseUsageDescription = "";
				INFOPLIST_KEY_UIApplicationSceneManifest_Generation = YES;
				INFOPLIST_KEY_UIApplicationSupportsIndirectInputEvents = YES;
				INFOPLIST_KEY_UILaunchScreen_Generation = YES;
				INFOPLIST_KEY_UIStatusBarStyle = UIStatusBarStyleDefault;
				INFOPLIST_KEY_UISupportedInterfaceOrientations = UIInterfaceOrientationPortrait;
				IPHONEOS_DEPLOYMENT_TARGET = 16.0;
				LD_RUNPATH_SEARCH_PATHS = (
					"$(inherited)",
					"@executable_path/Frameworks",
				);
				MARKETING_VERSION = 1.0;
				NSMotionUsageDescription = "";
				PRODUCT_BUNDLE_IDENTIFIER = "it.unimi.udriveios-";
				PRODUCT_NAME = "$(TARGET_NAME)";
				SWIFT_EMIT_LOC_STRINGS = YES;
				SWIFT_VERSION = 5.0;
				TARGETED_DEVICE_FAMILY = "1,2";
			};
			name = Debug;
		};
		C6D2B67529F966C00030A8AC /* Release */ = {
			isa = XCBuildConfiguration;
			buildSettings = {
				ASSETCATALOG_COMPILER_APPICON_NAME = AppIcon;
				ASSETCATALOG_COMPILER_GLOBAL_ACCENT_COLOR_NAME = AccentColor;
				CODE_SIGN_STYLE = Automatic;
				CURRENT_PROJECT_VERSION = 1;
				DEVELOPMENT_ASSET_PATHS = "\"udriveios/Preview Content\"";
				DEVELOPMENT_TEAM = 48JSG55QLH;
				ENABLE_PREVIEWS = YES;
				GENERATE_INFOPLIST_FILE = YES;
				INFOPLIST_FILE = udriveios/Info.plist;
				INFOPLIST_KEY_LSApplicationCategoryType = "public.app-category.travel";
				INFOPLIST_KEY_NSLocationAlwaysAndWhenInUseUsageDescription = "";
				INFOPLIST_KEY_NSLocationWhenInUseUsageDescription = "";
				INFOPLIST_KEY_UIApplicationSceneManifest_Generation = YES;
				INFOPLIST_KEY_UIApplicationSupportsIndirectInputEvents = YES;
				INFOPLIST_KEY_UILaunchScreen_Generation = YES;
				INFOPLIST_KEY_UIStatusBarStyle = UIStatusBarStyleDefault;
				INFOPLIST_KEY_UISupportedInterfaceOrientations = UIInterfaceOrientationPortrait;
				IPHONEOS_DEPLOYMENT_TARGET = 16.0;
				LD_RUNPATH_SEARCH_PATHS = (
					"$(inherited)",
					"@executable_path/Frameworks",
				);
				MARKETING_VERSION = 1.0;
				NSMotionUsageDescription = "";
				PRODUCT_BUNDLE_IDENTIFIER = "it.unimi.udriveios-";
				PRODUCT_NAME = "$(TARGET_NAME)";
				SWIFT_EMIT_LOC_STRINGS = YES;
				SWIFT_VERSION = 5.0;
				TARGETED_DEVICE_FAMILY = "1,2";
			};
			name = Release;
		};
		C6D2B67729F966C00030A8AC /* Debug */ = {
			isa = XCBuildConfiguration;
			buildSettings = {
				ALWAYS_EMBED_SWIFT_STANDARD_LIBRARIES = YES;
				BUNDLE_LOADER = "$(TEST_HOST)";
				CODE_SIGN_STYLE = Automatic;
				CURRENT_PROJECT_VERSION = 1;
				GENERATE_INFOPLIST_FILE = YES;
				IPHONEOS_DEPLOYMENT_TARGET = 16.0;
				MARKETING_VERSION = 1.0;
				PRODUCT_BUNDLE_IDENTIFIER = it.unimi.udriveiosTests;
				PRODUCT_NAME = "$(TARGET_NAME)";
				SWIFT_EMIT_LOC_STRINGS = NO;
				SWIFT_VERSION = 5.0;
				TARGETED_DEVICE_FAMILY = "1,2";
				TEST_HOST = "$(BUILT_PRODUCTS_DIR)/udriveios.app/$(BUNDLE_EXECUTABLE_FOLDER_PATH)/udriveios";
			};
			name = Debug;
		};
		C6D2B67829F966C00030A8AC /* Release */ = {
			isa = XCBuildConfiguration;
			buildSettings = {
				ALWAYS_EMBED_SWIFT_STANDARD_LIBRARIES = YES;
				BUNDLE_LOADER = "$(TEST_HOST)";
				CODE_SIGN_STYLE = Automatic;
				CURRENT_PROJECT_VERSION = 1;
				GENERATE_INFOPLIST_FILE = YES;
				IPHONEOS_DEPLOYMENT_TARGET = 16.0;
				MARKETING_VERSION = 1.0;
				PRODUCT_BUNDLE_IDENTIFIER = it.unimi.udriveiosTests;
				PRODUCT_NAME = "$(TARGET_NAME)";
				SWIFT_EMIT_LOC_STRINGS = NO;
				SWIFT_VERSION = 5.0;
				TARGETED_DEVICE_FAMILY = "1,2";
				TEST_HOST = "$(BUILT_PRODUCTS_DIR)/udriveios.app/$(BUNDLE_EXECUTABLE_FOLDER_PATH)/udriveios";
			};
			name = Release;
		};
		C6D2B67A29F966C00030A8AC /* Debug */ = {
			isa = XCBuildConfiguration;
			buildSettings = {
				ALWAYS_EMBED_SWIFT_STANDARD_LIBRARIES = YES;
				CODE_SIGN_STYLE = Automatic;
				CURRENT_PROJECT_VERSION = 1;
				GENERATE_INFOPLIST_FILE = YES;
				IPHONEOS_DEPLOYMENT_TARGET = 16.0;
				MARKETING_VERSION = 1.0;
				PRODUCT_BUNDLE_IDENTIFIER = it.unimi.udriveiosUITests;
				PRODUCT_NAME = "$(TARGET_NAME)";
				SWIFT_EMIT_LOC_STRINGS = NO;
				SWIFT_VERSION = 5.0;
				TARGETED_DEVICE_FAMILY = "1,2";
				TEST_TARGET_NAME = udriveios;
			};
			name = Debug;
		};
		C6D2B67B29F966C00030A8AC /* Release */ = {
			isa = XCBuildConfiguration;
			buildSettings = {
				ALWAYS_EMBED_SWIFT_STANDARD_LIBRARIES = YES;
				CODE_SIGN_STYLE = Automatic;
				CURRENT_PROJECT_VERSION = 1;
				GENERATE_INFOPLIST_FILE = YES;
				IPHONEOS_DEPLOYMENT_TARGET = 16.0;
				MARKETING_VERSION = 1.0;
				PRODUCT_BUNDLE_IDENTIFIER = it.unimi.udriveiosUITests;
				PRODUCT_NAME = "$(TARGET_NAME)";
				SWIFT_EMIT_LOC_STRINGS = NO;
				SWIFT_VERSION = 5.0;
				TARGETED_DEVICE_FAMILY = "1,2";
				TEST_TARGET_NAME = udriveios;
			};
			name = Release;
		};
/* End XCBuildConfiguration section */

/* Begin XCConfigurationList section */
		C6D2B64A29F966BE0030A8AC /* Build configuration list for PBXProject "udriveios" */ = {
			isa = XCConfigurationList;
			buildConfigurations = (
				C6D2B67129F966C00030A8AC /* Debug */,
				C6D2B67229F966C00030A8AC /* Release */,
			);
			defaultConfigurationIsVisible = 0;
			defaultConfigurationName = Release;
		};
		C6D2B67329F966C00030A8AC /* Build configuration list for PBXNativeTarget "udriveios" */ = {
			isa = XCConfigurationList;
			buildConfigurations = (
				C6D2B67429F966C00030A8AC /* Debug */,
				C6D2B67529F966C00030A8AC /* Release */,
			);
			defaultConfigurationIsVisible = 0;
			defaultConfigurationName = Release;
		};
		C6D2B67629F966C00030A8AC /* Build configuration list for PBXNativeTarget "udriveiosTests" */ = {
			isa = XCConfigurationList;
			buildConfigurations = (
				C6D2B67729F966C00030A8AC /* Debug */,
				C6D2B67829F966C00030A8AC /* Release */,
			);
			defaultConfigurationIsVisible = 0;
			defaultConfigurationName = Release;
		};
		C6D2B67929F966C00030A8AC /* Build configuration list for PBXNativeTarget "udriveiosUITests" */ = {
			isa = XCConfigurationList;
			buildConfigurations = (
				C6D2B67A29F966C00030A8AC /* Debug */,
				C6D2B67B29F966C00030A8AC /* Release */,
			);
			defaultConfigurationIsVisible = 0;
			defaultConfigurationName = Release;
		};
/* End XCConfigurationList section */

/* Begin XCRemoteSwiftPackageReference section */
		C6E2FA1B2AAF4A7A006CB7EC /* XCRemoteSwiftPackageReference "ConfettiSwiftUI" */ = {
			isa = XCRemoteSwiftPackageReference;
			repositoryURL = "https://github.com/simibac/ConfettiSwiftUI.git";
			requirement = {
				kind = upToNextMajorVersion;
				minimumVersion = 1.0.0;
			};
		};
/* End XCRemoteSwiftPackageReference section */

/* Begin XCSwiftPackageProductDependency section */
		C6E2FA1C2AAF4A7A006CB7EC /* ConfettiSwiftUI */ = {
			isa = XCSwiftPackageProductDependency;
			package = C6E2FA1B2AAF4A7A006CB7EC /* XCRemoteSwiftPackageReference "ConfettiSwiftUI" */;
			productName = ConfettiSwiftUI;
		};
/* End XCSwiftPackageProductDependency section */

/* Begin XCVersionGroup section */
		C6F756B62A979F5A004895A7 /* udriveDataModel.xcdatamodeld */ = {
			isa = XCVersionGroup;
			children = (
				C6F756B72A979F5A004895A7 /* udriveDataModel.xcdatamodel */,
			);
			currentVersion = C6F756B72A979F5A004895A7 /* udriveDataModel.xcdatamodel */;
			path = udriveDataModel.xcdatamodeld;
			sourceTree = "<group>";
			versionGroupType = wrapper.xcdatamodel;
		};
/* End XCVersionGroup section */
	};
	rootObject = C6D2B64729F966BE0030A8AC /* Project object */;
}
