// !$*UTF8*$!
{
	archiveVersion = 1;
	classes = {
	};
	objectVersion = 56;
	objects = {

/* Begin PBXBuildFile section */
		C614A34029FA844700A05F29 /* loading.swift in Sources */ = {isa = PBXBuildFile; fileRef = C614A33F29FA844700A05F29 /* loading.swift */; };
		C68243E829F9792300E9E0B0 /* home.swift in Sources */ = {isa = PBXBuildFile; fileRef = C68243E729F9792300E9E0B0 /* home.swift */; };
		C68243EC29F97B4900E9E0B0 /* InvertColorModifier.swift in Sources */ = {isa = PBXBuildFile; fileRef = C68243EB29F97B4900E9E0B0 /* InvertColorModifier.swift */; };
		C6D2B65329F966BE0030A8AC /* udriveiosApp.swift in Sources */ = {isa = PBXBuildFile; fileRef = C6D2B65229F966BE0030A8AC /* udriveiosApp.swift */; };
		C6D2B65529F966BE0030A8AC /* ContentView.swift in Sources */ = {isa = PBXBuildFile; fileRef = C6D2B65429F966BE0030A8AC /* ContentView.swift */; };
		C6D2B65729F966BF0030A8AC /* Assets.xcassets in Resources */ = {isa = PBXBuildFile; fileRef = C6D2B65629F966BF0030A8AC /* Assets.xcassets */; };
		C6D2B65A29F966BF0030A8AC /* Preview Assets.xcassets in Resources */ = {isa = PBXBuildFile; fileRef = C6D2B65929F966BF0030A8AC /* Preview Assets.xcassets */; };
		C6D2B66429F966C00030A8AC /* udriveiosTests.swift in Sources */ = {isa = PBXBuildFile; fileRef = C6D2B66329F966C00030A8AC /* udriveiosTests.swift */; };
		C6D2B66E29F966C00030A8AC /* udriveiosUITests.swift in Sources */ = {isa = PBXBuildFile; fileRef = C6D2B66D29F966C00030A8AC /* udriveiosUITests.swift */; };
		C6D2B67029F966C00030A8AC /* udriveiosUITestsLaunchTests.swift in Sources */ = {isa = PBXBuildFile; fileRef = C6D2B66F29F966C00030A8AC /* udriveiosUITestsLaunchTests.swift */; };
		F547D7942A20ED7B00B23FD4 /* Utils.swift in Sources */ = {isa = PBXBuildFile; fileRef = F547D7932A20ED7B00B23FD4 /* Utils.swift */; };
		F59997F22A24DBAE005D2677 /* AlertView.swift in Sources */ = {isa = PBXBuildFile; fileRef = F59997F12A24DBAE005D2677 /* AlertView.swift */; };
		F5A043EA2A2E2BFD00D647E1 /* Classifier.swift in Sources */ = {isa = PBXBuildFile; fileRef = F5A043E92A2E2BFD00D647E1 /* Classifier.swift */; };
		F5B5E1CE2A0926F400C7730F /* AccelerometerValues.swift in Sources */ = {isa = PBXBuildFile; fileRef = F5B5E1CD2A0926F400C7730F /* AccelerometerValues.swift */; };
		F5B5E1D02A09293C00C7730F /* CMMotionManager.swift in Sources */ = {isa = PBXBuildFile; fileRef = F5B5E1CF2A09293C00C7730F /* CMMotionManager.swift */; };
		F5C65DCB2A125B8D00A1D906 /* ViewDidLoadModifier.swift in Sources */ = {isa = PBXBuildFile; fileRef = F5C65DCA2A125B8D00A1D906 /* ViewDidLoadModifier.swift */; };
/* End PBXBuildFile section */

/* Begin PBXContainerItemProxy section */
		C6D2B66029F966BF0030A8AC /* PBXContainerItemProxy */ = {
			isa = PBXContainerItemProxy;
			containerPortal = C6D2B64729F966BE0030A8AC /* Project object */;
			proxyType = 1;
			remoteGlobalIDString = C6D2B64E29F966BE0030A8AC;
			remoteInfo = udriveios;
		};
		C6D2B66A29F966C00030A8AC /* PBXContainerItemProxy */ = {
			isa = PBXContainerItemProxy;
			containerPortal = C6D2B64729F966BE0030A8AC /* Project object */;
			proxyType = 1;
			remoteGlobalIDString = C6D2B64E29F966BE0030A8AC;
			remoteInfo = udriveios;
		};
/* End PBXContainerItemProxy section */

/* Begin PBXFileReference section */
		C614A33F29FA844700A05F29 /* loading.swift */ = {isa = PBXFileReference; lastKnownFileType = sourcecode.swift; path = loading.swift; sourceTree = "<group>"; };
		C68243E729F9792300E9E0B0 /* home.swift */ = {isa = PBXFileReference; lastKnownFileType = sourcecode.swift; path = home.swift; sourceTree = "<group>"; };
		C68243EB29F97B4900E9E0B0 /* InvertColorModifier.swift */ = {isa = PBXFileReference; lastKnownFileType = sourcecode.swift; path = InvertColorModifier.swift; sourceTree = "<group>"; };
		C6D2B64F29F966BE0030A8AC /* udriveios.app */ = {isa = PBXFileReference; explicitFileType = wrapper.application; includeInIndex = 0; path = udriveios.app; sourceTree = BUILT_PRODUCTS_DIR; };
		C6D2B65229F966BE0030A8AC /* udriveiosApp.swift */ = {isa = PBXFileReference; lastKnownFileType = sourcecode.swift; path = udriveiosApp.swift; sourceTree = "<group>"; };
		C6D2B65429F966BE0030A8AC /* ContentView.swift */ = {isa = PBXFileReference; lastKnownFileType = sourcecode.swift; path = ContentView.swift; sourceTree = "<group>"; };
		C6D2B65629F966BF0030A8AC /* Assets.xcassets */ = {isa = PBXFileReference; lastKnownFileType = folder.assetcatalog; path = Assets.xcassets; sourceTree = "<group>"; };
		C6D2B65929F966BF0030A8AC /* Preview Assets.xcassets */ = {isa = PBXFileReference; lastKnownFileType = folder.assetcatalog; path = "Preview Assets.xcassets"; sourceTree = "<group>"; };
		C6D2B65F29F966BF0030A8AC /* udriveiosTests.xctest */ = {isa = PBXFileReference; explicitFileType = wrapper.cfbundle; includeInIndex = 0; path = udriveiosTests.xctest; sourceTree = BUILT_PRODUCTS_DIR; };
		C6D2B66329F966C00030A8AC /* udriveiosTests.swift */ = {isa = PBXFileReference; lastKnownFileType = sourcecode.swift; path = udriveiosTests.swift; sourceTree = "<group>"; };
		C6D2B66929F966C00030A8AC /* udriveiosUITests.xctest */ = {isa = PBXFileReference; explicitFileType = wrapper.cfbundle; includeInIndex = 0; path = udriveiosUITests.xctest; sourceTree = BUILT_PRODUCTS_DIR; };
		C6D2B66D29F966C00030A8AC /* udriveiosUITests.swift */ = {isa = PBXFileReference; lastKnownFileType = sourcecode.swift; path = udriveiosUITests.swift; sourceTree = "<group>"; };
		C6D2B66F29F966C00030A8AC /* udriveiosUITestsLaunchTests.swift */ = {isa = PBXFileReference; lastKnownFileType = sourcecode.swift; path = udriveiosUITestsLaunchTests.swift; sourceTree = "<group>"; };
		F547D7932A20ED7B00B23FD4 /* Utils.swift */ = {isa = PBXFileReference; lastKnownFileType = sourcecode.swift; path = Utils.swift; sourceTree = "<group>"; };
		F59997F12A24DBAE005D2677 /* AlertView.swift */ = {isa = PBXFileReference; lastKnownFileType = sourcecode.swift; path = AlertView.swift; sourceTree = "<group>"; };
		F5A043E92A2E2BFD00D647E1 /* Classifier.swift */ = {isa = PBXFileReference; lastKnownFileType = sourcecode.swift; path = Classifier.swift; sourceTree = "<group>"; };
		F5B5E1CD2A0926F400C7730F /* AccelerometerValues.swift */ = {isa = PBXFileReference; lastKnownFileType = sourcecode.swift; name = AccelerometerValues.swift; path = udriveios/model/model/AccelerometerValues.swift; sourceTree = SOURCE_ROOT; };
		F5B5E1CF2A09293C00C7730F /* CMMotionManager.swift */ = {isa = PBXFileReference; lastKnownFileType = sourcecode.swift; name = CMMotionManager.swift; path = udriveios/model/model/CMMotionManager.swift; sourceTree = SOURCE_ROOT; };
		F5C65DCA2A125B8D00A1D906 /* ViewDidLoadModifier.swift */ = {isa = PBXFileReference; lastKnownFileType = sourcecode.swift; path = ViewDidLoadModifier.swift; sourceTree = "<group>"; };
/* End PBXFileReference section */

/* Begin PBXFrameworksBuildPhase section */
		C6D2B64C29F966BE0030A8AC /* Frameworks */ = {
			isa = PBXFrameworksBuildPhase;
			buildActionMask = 2147483647;
			files = (
			);
			runOnlyForDeploymentPostprocessing = 0;
		};
		C6D2B65C29F966BF0030A8AC /* Frameworks */ = {
			isa = PBXFrameworksBuildPhase;
			buildActionMask = 2147483647;
			files = (
			);
			runOnlyForDeploymentPostprocessing = 0;
		};
		C6D2B66629F966C00030A8AC /* Frameworks */ = {
			isa = PBXFrameworksBuildPhase;
			buildActionMask = 2147483647;
			files = (
			);
			runOnlyForDeploymentPostprocessing = 0;
		};
/* End PBXFrameworksBuildPhase section */

/* Begin PBXGroup section */
		C68243E629F9790200E9E0B0 /* view */ = {
			isa = PBXGroup;
			children = (
				C6D2B65429F966BE0030A8AC /* ContentView.swift */,
				F59997F12A24DBAE005D2677 /* AlertView.swift */,
				C68243E729F9792300E9E0B0 /* home.swift */,
				C614A33F29FA844700A05F29 /* loading.swift */,
			);
			path = view;
			sourceTree = "<group>";
		};
		C68243EA29F97B2A00E9E0B0 /* controller */ = {
			isa = PBXGroup;
			children = (
				C68243EB29F97B4900E9E0B0 /* InvertColorModifier.swift */,
				F5C65DCA2A125B8D00A1D906 /* ViewDidLoadModifier.swift */,
				F547D7932A20ED7B00B23FD4 /* Utils.swift */,
				F5A043E92A2E2BFD00D647E1 /* Classifier.swift */,
			);
			path = controller;
			sourceTree = "<group>";
		};
		C6D2B64629F966BE0030A8AC = {
			isa = PBXGroup;
			children = (
				C6D2B65129F966BE0030A8AC /* udriveios */,
				C6D2B66229F966C00030A8AC /* udriveiosTests */,
				C6D2B66C29F966C00030A8AC /* udriveiosUITests */,
				C6D2B65029F966BE0030A8AC /* Products */,
			);
			sourceTree = "<group>";
		};
		C6D2B65029F966BE0030A8AC /* Products */ = {
			isa = PBXGroup;
			children = (
				C6D2B64F29F966BE0030A8AC /* udriveios.app */,
				C6D2B65F29F966BF0030A8AC /* udriveiosTests.xctest */,
				C6D2B66929F966C00030A8AC /* udriveiosUITests.xctest */,
			);
			name = Products;
			sourceTree = "<group>";
		};
		C6D2B65129F966BE0030A8AC /* udriveios */ = {
			isa = PBXGroup;
			children = (
				C68243EA29F97B2A00E9E0B0 /* controller */,
				C6D2B65229F966BE0030A8AC /* udriveiosApp.swift */,
				F564549C2A127B3000E881FF /* model */,
				C68243E629F9790200E9E0B0 /* view */,
				C6D2B65629F966BF0030A8AC /* Assets.xcassets */,
				C6D2B65829F966BF0030A8AC /* Preview Content */,
			);
			path = udriveios;
			sourceTree = "<group>";
		};
		C6D2B65829F966BF0030A8AC /* Preview Content */ = {
			isa = PBXGroup;
			children = (
				C6D2B65929F966BF0030A8AC /* Preview Assets.xcassets */,
			);
			path = "Preview Content";
			sourceTree = "<group>";
		};
		C6D2B66229F966C00030A8AC /* udriveiosTests */ = {
			isa = PBXGroup;
			children = (
				C6D2B66329F966C00030A8AC /* udriveiosTests.swift */,
			);
			path = udriveiosTests;
			sourceTree = "<group>";
		};
		C6D2B66C29F966C00030A8AC /* udriveiosUITests */ = {
			isa = PBXGroup;
			children = (
				C6D2B66D29F966C00030A8AC /* udriveiosUITests.swift */,
				C6D2B66F29F966C00030A8AC /* udriveiosUITestsLaunchTests.swift */,
			);
			path = udriveiosUITests;
			sourceTree = "<group>";
		};
		F564549C2A127B3000E881FF /* model */ = {
			isa = PBXGroup;
			children = (
				F5B5E1CF2A09293C00C7730F /* CMMotionManager.swift */,
				F5B5E1CD2A0926F400C7730F /* AccelerometerValues.swift */,
			);
			name = model;
			path = model/model;
			sourceTree = "<group>";
		};
/* End PBXGroup section */

/* Begin PBXNativeTarget section */
		C6D2B64E29F966BE0030A8AC /* udriveios */ = {
			isa = PBXNativeTarget;
			buildConfigurationList = C6D2B67329F966C00030A8AC /* Build configuration list for PBXNativeTarget "udriveios" */;
			buildPhases = (
				C6D2B64B29F966BE0030A8AC /* Sources */,
				C6D2B64C29F966BE0030A8AC /* Frameworks */,
				C6D2B64D29F966BE0030A8AC /* Resources */,
			);
			buildRules = (
			);
			dependencies = (
			);
			name = udriveios;
			productName = udriveios;
			productReference = C6D2B64F29F966BE0030A8AC /* udriveios.app */;
			productType = "com.apple.product-type.application";
		};
		C6D2B65E29F966BF0030A8AC /* udriveiosTests */ = {
			isa = PBXNativeTarget;
			buildConfigurationList = C6D2B67629F966C00030A8AC /* Build configuration list for PBXNativeTarget "udriveiosTests" */;
			buildPhases = (
				C6D2B65B29F966BF0030A8AC /* Sources */,
				C6D2B65C29F966BF0030A8AC /* Frameworks */,
				C6D2B65D29F966BF0030A8AC /* Resources */,
			);
			buildRules = (
			);
			dependencies = (
				C6D2B66129F966BF0030A8AC /* PBXTargetDependency */,
			);
			name = udriveiosTests;
			productName = udriveiosTests;
			productReference = C6D2B65F29F966BF0030A8AC /* udriveiosTests.xctest */;
			productType = "com.apple.product-type.bundle.unit-test";
		};
		C6D2B66829F966C00030A8AC /* udriveiosUITests */ = {
			isa = PBXNativeTarget;
			buildConfigurationList = C6D2B67929F966C00030A8AC /* Build configuration list for PBXNativeTarget "udriveiosUITests" */;
			buildPhases = (
				C6D2B66529F966C00030A8AC /* Sources */,
				C6D2B66629F966C00030A8AC /* Frameworks */,
				C6D2B66729F966C00030A8AC /* Resources */,
			);
			buildRules = (
			);
			dependencies = (
				C6D2B66B29F966C00030A8AC /* PBXTargetDependency */,
			);
			name = udriveiosUITests;
			productName = udriveiosUITests;
			productReference = C6D2B66929F966C00030A8AC /* udriveiosUITests.xctest */;
			productType = "com.apple.product-type.bundle.ui-testing";
		};
/* End PBXNativeTarget section */

/* Begin PBXProject section */
		C6D2B64729F966BE0030A8AC /* Project object */ = {
			isa = PBXProject;
			attributes = {
				BuildIndependentTargetsInParallel = 1;
				LastSwiftUpdateCheck = 1410;
				LastUpgradeCheck = 1410;
				TargetAttributes = {
					C6D2B64E29F966BE0030A8AC = {
						CreatedOnToolsVersion = 14.1;
					};
					C6D2B65E29F966BF0030A8AC = {
						CreatedOnToolsVersion = 14.1;
						TestTargetID = C6D2B64E29F966BE0030A8AC;
					};
					C6D2B66829F966C00030A8AC = {
						CreatedOnToolsVersion = 14.1;
						TestTargetID = C6D2B64E29F966BE0030A8AC;
					};
				};
			};
			buildConfigurationList = C6D2B64A29F966BE0030A8AC /* Build configuration list for PBXProject "udriveios" */;
			compatibilityVersion = "Xcode 14.0";
			developmentRegion = en;
			hasScannedForEncodings = 0;
			knownRegions = (
				en,
				Base,
			);
			mainGroup = C6D2B64629F966BE0030A8AC;
			productRefGroup = C6D2B65029F966BE0030A8AC /* Products */;
			projectDirPath = "";
			projectRoot = "";
			targets = (
				C6D2B64E29F966BE0030A8AC /* udriveios */,
				C6D2B65E29F966BF0030A8AC /* udriveiosTests */,
				C6D2B66829F966C00030A8AC /* udriveiosUITests */,
			);
		};
/* End PBXProject section */

/* Begin PBXResourcesBuildPhase section */
		C6D2B64D29F966BE0030A8AC /* Resources */ = {
			isa = PBXResourcesBuildPhase;
			buildActionMask = 2147483647;
			files = (
				C6D2B65A29F966BF0030A8AC /* Preview Assets.xcassets in Resources */,
				C6D2B65729F966BF0030A8AC /* Assets.xcassets in Resources */,
			);
			runOnlyForDeploymentPostprocessing = 0;
		};
		C6D2B65D29F966BF0030A8AC /* Resources */ = {
			isa = PBXResourcesBuildPhase;
			buildActionMask = 2147483647;
			files = (
			);
			runOnlyForDeploymentPostprocessing = 0;
		};
		C6D2B66729F966C00030A8AC /* Resources */ = {
			isa = PBXResourcesBuildPhase;
			buildActionMask = 2147483647;
			files = (
			);
			runOnlyForDeploymentPostprocessing = 0;
		};
/* End PBXResourcesBuildPhase section */

/* Begin PBXSourcesBuildPhase section */
		C6D2B64B29F966BE0030A8AC /* Sources */ = {
			isa = PBXSourcesBuildPhase;
			buildActionMask = 2147483647;
			files = (
				C6D2B65529F966BE0030A8AC /* ContentView.swift in Sources */,
				F5B5E1CE2A0926F400C7730F /* AccelerometerValues.swift in Sources */,
				C68243E829F9792300E9E0B0 /* home.swift in Sources */,
				C6D2B65329F966BE0030A8AC /* udriveiosApp.swift in Sources */,
				F547D7942A20ED7B00B23FD4 /* Utils.swift in Sources */,
				F59997F22A24DBAE005D2677 /* AlertView.swift in Sources */,
				F5B5E1D02A09293C00C7730F /* CMMotionManager.swift in Sources */,
				F5A043EA2A2E2BFD00D647E1 /* Classifier.swift in Sources */,
				C614A34029FA844700A05F29 /* loading.swift in Sources */,
				C68243EC29F97B4900E9E0B0 /* InvertColorModifier.swift in Sources */,
				F5C65DCB2A125B8D00A1D906 /* ViewDidLoadModifier.swift in Sources */,
			);
			runOnlyForDeploymentPostprocessing = 0;
		};
		C6D2B65B29F966BF0030A8AC /* Sources */ = {
			isa = PBXSourcesBuildPhase;
			buildActionMask = 2147483647;
			files = (
				C6D2B66429F966C00030A8AC /* udriveiosTests.swift in Sources */,
			);
			runOnlyForDeploymentPostprocessing = 0;
		};
		C6D2B66529F966C00030A8AC /* Sources */ = {
			isa = PBXSourcesBuildPhase;
			buildActionMask = 2147483647;
			files = (
				C6D2B66E29F966C00030A8AC /* udriveiosUITests.swift in Sources */,
				C6D2B67029F966C00030A8AC /* udriveiosUITestsLaunchTests.swift in Sources */,
			);
			runOnlyForDeploymentPostprocessing = 0;
		};
/* End PBXSourcesBuildPhase section */

/* Begin PBXTargetDependency section */
		C6D2B66129F966BF0030A8AC /* PBXTargetDependency */ = {
			isa = PBXTargetDependency;
			target = C6D2B64E29F966BE0030A8AC /* udriveios */;
			targetProxy = C6D2B66029F966BF0030A8AC /* PBXContainerItemProxy */;
		};
		C6D2B66B29F966C00030A8AC /* PBXTargetDependency */ = {
			isa = PBXTargetDependency;
			target = C6D2B64E29F966BE0030A8AC /* udriveios */;
			targetProxy = C6D2B66A29F966C00030A8AC /* PBXContainerItemProxy */;
		};
/* End PBXTargetDependency section */

/* Begin XCBuildConfiguration section */
		C6D2B67129F966C00030A8AC /* Debug */ = {
			isa = XCBuildConfiguration;
			buildSettings = {
				ALWAYS_SEARCH_USER_PATHS = NO;
				CLANG_ANALYZER_NONNULL = YES;
				CLANG_ANALYZER_NUMBER_OBJECT_CONVERSION = YES_AGGRESSIVE;
				CLANG_CXX_LANGUAGE_STANDARD = "gnu++20";
				CLANG_ENABLE_MODULES = YES;
				CLANG_ENABLE_OBJC_ARC = YES;
				CLANG_ENABLE_OBJC_WEAK = YES;
				CLANG_WARN_BLOCK_CAPTURE_AUTORELEASING = YES;
				CLANG_WARN_BOOL_CONVERSION = YES;
				CLANG_WARN_COMMA = YES;
				CLANG_WARN_CONSTANT_CONVERSION = YES;
				CLANG_WARN_DEPRECATED_OBJC_IMPLEMENTATIONS = YES;
				CLANG_WARN_DIRECT_OBJC_ISA_USAGE = YES_ERROR;
				CLANG_WARN_DOCUMENTATION_COMMENTS = YES;
				CLANG_WARN_EMPTY_BODY = YES;
				CLANG_WARN_ENUM_CONVERSION = YES;
				CLANG_WARN_INFINITE_RECURSION = YES;
				CLANG_WARN_INT_CONVERSION = YES;
				CLANG_WARN_NON_LITERAL_NULL_CONVERSION = YES;
				CLANG_WARN_OBJC_IMPLICIT_RETAIN_SELF = YES;
				CLANG_WARN_OBJC_LITERAL_CONVERSION = YES;
				CLANG_WARN_OBJC_ROOT_CLASS = YES_ERROR;
				CLANG_WARN_QUOTED_INCLUDE_IN_FRAMEWORK_HEADER = YES;
				CLANG_WARN_RANGE_LOOP_ANALYSIS = YES;
				CLANG_WARN_STRICT_PROTOTYPES = YES;
				CLANG_WARN_SUSPICIOUS_MOVE = YES;
				CLANG_WARN_UNGUARDED_AVAILABILITY = YES_AGGRESSIVE;
				CLANG_WARN_UNREACHABLE_CODE = YES;
				CLANG_WARN__DUPLICATE_METHOD_MATCH = YES;
				COPY_PHASE_STRIP = NO;
				DEBUG_INFORMATION_FORMAT = dwarf;
				ENABLE_STRICT_OBJC_MSGSEND = YES;
				ENABLE_TESTABILITY = YES;
				GCC_C_LANGUAGE_STANDARD = gnu11;
				GCC_DYNAMIC_NO_PIC = NO;
				GCC_NO_COMMON_BLOCKS = YES;
				GCC_OPTIMIZATION_LEVEL = 0;
				GCC_PREPROCESSOR_DEFINITIONS = (
					"DEBUG=1",
					"$(inherited)",
				);
				GCC_WARN_64_TO_32_BIT_CONVERSION = YES;
				GCC_WARN_ABOUT_RETURN_TYPE = YES_ERROR;
				GCC_WARN_UNDECLARED_SELECTOR = YES;
				GCC_WARN_UNINITIALIZED_AUTOS = YES_AGGRESSIVE;
				GCC_WARN_UNUSED_FUNCTION = YES;
				GCC_WARN_UNUSED_VARIABLE = YES;
				IPHONEOS_DEPLOYMENT_TARGET = 16.0;
				MTL_ENABLE_DEBUG_INFO = INCLUDE_SOURCE;
				MTL_FAST_MATH = YES;
				ONLY_ACTIVE_ARCH = YES;
				SDKROOT = iphoneos;
				SWIFT_ACTIVE_COMPILATION_CONDITIONS = DEBUG;
				SWIFT_OPTIMIZATION_LEVEL = "-Onone";
			};
			name = Debug;
		};
		C6D2B67229F966C00030A8AC /* Release */ = {
			isa = XCBuildConfiguration;
			buildSettings = {
				ALWAYS_SEARCH_USER_PATHS = NO;
				CLANG_ANALYZER_NONNULL = YES;
				CLANG_ANALYZER_NUMBER_OBJECT_CONVERSION = YES_AGGRESSIVE;
				CLANG_CXX_LANGUAGE_STANDARD = "gnu++20";
				CLANG_ENABLE_MODULES = YES;
				CLANG_ENABLE_OBJC_ARC = YES;
				CLANG_ENABLE_OBJC_WEAK = YES;
				CLANG_WARN_BLOCK_CAPTURE_AUTORELEASING = YES;
				CLANG_WARN_BOOL_CONVERSION = YES;
				CLANG_WARN_COMMA = YES;
				CLANG_WARN_CONSTANT_CONVERSION = YES;
				CLANG_WARN_DEPRECATED_OBJC_IMPLEMENTATIONS = YES;
				CLANG_WARN_DIRECT_OBJC_ISA_USAGE = YES_ERROR;
				CLANG_WARN_DOCUMENTATION_COMMENTS = YES;
				CLANG_WARN_EMPTY_BODY = YES;
				CLANG_WARN_ENUM_CONVERSION = YES;
				CLANG_WARN_INFINITE_RECURSION = YES;
				CLANG_WARN_INT_CONVERSION = YES;
				CLANG_WARN_NON_LITERAL_NULL_CONVERSION = YES;
				CLANG_WARN_OBJC_IMPLICIT_RETAIN_SELF = YES;
				CLANG_WARN_OBJC_LITERAL_CONVERSION = YES;
				CLANG_WARN_OBJC_ROOT_CLASS = YES_ERROR;
				CLANG_WARN_QUOTED_INCLUDE_IN_FRAMEWORK_HEADER = YES;
				CLANG_WARN_RANGE_LOOP_ANALYSIS = YES;
				CLANG_WARN_STRICT_PROTOTYPES = YES;
				CLANG_WARN_SUSPICIOUS_MOVE = YES;
				CLANG_WARN_UNGUARDED_AVAILABILITY = YES_AGGRESSIVE;
				CLANG_WARN_UNREACHABLE_CODE = YES;
				CLANG_WARN__DUPLICATE_METHOD_MATCH = YES;
				COPY_PHASE_STRIP = NO;
				DEBUG_INFORMATION_FORMAT = "dwarf-with-dsym";
				ENABLE_NS_ASSERTIONS = NO;
				ENABLE_STRICT_OBJC_MSGSEND = YES;
				GCC_C_LANGUAGE_STANDARD = gnu11;
				GCC_NO_COMMON_BLOCKS = YES;
				GCC_WARN_64_TO_32_BIT_CONVERSION = YES;
				GCC_WARN_ABOUT_RETURN_TYPE = YES_ERROR;
				GCC_WARN_UNDECLARED_SELECTOR = YES;
				GCC_WARN_UNINITIALIZED_AUTOS = YES_AGGRESSIVE;
				GCC_WARN_UNUSED_FUNCTION = YES;
				GCC_WARN_UNUSED_VARIABLE = YES;
				IPHONEOS_DEPLOYMENT_TARGET = 16.0;
				MTL_ENABLE_DEBUG_INFO = NO;
				MTL_FAST_MATH = YES;
				SDKROOT = iphoneos;
				SWIFT_COMPILATION_MODE = wholemodule;
				SWIFT_OPTIMIZATION_LEVEL = "-O";
				VALIDATE_PRODUCT = YES;
			};
			name = Release;
		};
		C6D2B67429F966C00030A8AC /* Debug */ = {
			isa = XCBuildConfiguration;
			buildSettings = {
				ASSETCATALOG_COMPILER_APPICON_NAME = AppIcon;
				ASSETCATALOG_COMPILER_GLOBAL_ACCENT_COLOR_NAME = AccentColor;
				CODE_SIGN_STYLE = Automatic;
				CURRENT_PROJECT_VERSION = 1;
				DEVELOPMENT_ASSET_PATHS = "\"udriveios/Preview Content\"";
				DEVELOPMENT_TEAM = 2YLCDUHPNV;
				ENABLE_PREVIEWS = YES;
				GENERATE_INFOPLIST_FILE = YES;
				INFOPLIST_KEY_LSApplicationCategoryType = "public.app-category.travel";
				INFOPLIST_KEY_UIApplicationSceneManifest_Generation = YES;
				INFOPLIST_KEY_UIApplicationSupportsIndirectInputEvents = YES;
				INFOPLIST_KEY_UILaunchScreen_Generation = YES;
				INFOPLIST_KEY_UIStatusBarStyle = UIStatusBarStyleDefault;
				INFOPLIST_KEY_UISupportedInterfaceOrientations = UIInterfaceOrientationPortrait;
				IPHONEOS_DEPLOYMENT_TARGET = 16.0;
				LD_RUNPATH_SEARCH_PATHS = (
					"$(inherited)",
					"@executable_path/Frameworks",
				);
				MARKETING_VERSION = 1.0;
				NSMotionUsageDescription = "";
				PRODUCT_BUNDLE_IDENTIFIER = it.unimi.udriveios;
				PRODUCT_NAME = "$(TARGET_NAME)";
				SWIFT_EMIT_LOC_STRINGS = YES;
				SWIFT_VERSION = 5.0;
				TARGETED_DEVICE_FAMILY = "1,2";
			};
			name = Debug;
		};
		C6D2B67529F966C00030A8AC /* Release */ = {
			isa = XCBuildConfiguration;
			buildSettings = {
				ASSETCATALOG_COMPILER_APPICON_NAME = AppIcon;
				ASSETCATALOG_COMPILER_GLOBAL_ACCENT_COLOR_NAME = AccentColor;
				CODE_SIGN_STYLE = Automatic;
				CURRENT_PROJECT_VERSION = 1;
				DEVELOPMENT_ASSET_PATHS = "\"udriveios/Preview Content\"";
				DEVELOPMENT_TEAM = 2YLCDUHPNV;
				ENABLE_PREVIEWS = YES;
				GENERATE_INFOPLIST_FILE = YES;
				INFOPLIST_KEY_LSApplicationCategoryType = "public.app-category.travel";
				INFOPLIST_KEY_UIApplicationSceneManifest_Generation = YES;
				INFOPLIST_KEY_UIApplicationSupportsIndirectInputEvents = YES;
				INFOPLIST_KEY_UILaunchScreen_Generation = YES;
				INFOPLIST_KEY_UIStatusBarStyle = UIStatusBarStyleDefault;
				INFOPLIST_KEY_UISupportedInterfaceOrientations = UIInterfaceOrientationPortrait;
				IPHONEOS_DEPLOYMENT_TARGET = 16.0;
				LD_RUNPATH_SEARCH_PATHS = (
					"$(inherited)",
					"@executable_path/Frameworks",
				);
				MARKETING_VERSION = 1.0;
				NSMotionUsageDescription = "";
				PRODUCT_BUNDLE_IDENTIFIER = it.unimi.udriveios;
				PRODUCT_NAME = "$(TARGET_NAME)";
				SWIFT_EMIT_LOC_STRINGS = YES;
				SWIFT_VERSION = 5.0;
				TARGETED_DEVICE_FAMILY = "1,2";
			};
			name = Release;
		};
		C6D2B67729F966C00030A8AC /* Debug */ = {
			isa = XCBuildConfiguration;
			buildSettings = {
				ALWAYS_EMBED_SWIFT_STANDARD_LIBRARIES = YES;
				BUNDLE_LOADER = "$(TEST_HOST)";
				CODE_SIGN_STYLE = Automatic;
				CURRENT_PROJECT_VERSION = 1;
				GENERATE_INFOPLIST_FILE = YES;
				IPHONEOS_DEPLOYMENT_TARGET = 16.0;
				MARKETING_VERSION = 1.0;
				PRODUCT_BUNDLE_IDENTIFIER = it.unimi.udriveiosTests;
				PRODUCT_NAME = "$(TARGET_NAME)";
				SWIFT_EMIT_LOC_STRINGS = NO;
				SWIFT_VERSION = 5.0;
				TARGETED_DEVICE_FAMILY = "1,2";
				TEST_HOST = "$(BUILT_PRODUCTS_DIR)/udriveios.app/$(BUNDLE_EXECUTABLE_FOLDER_PATH)/udriveios";
			};
			name = Debug;
		};
		C6D2B67829F966C00030A8AC /* Release */ = {
			isa = XCBuildConfiguration;
			buildSettings = {
				ALWAYS_EMBED_SWIFT_STANDARD_LIBRARIES = YES;
				BUNDLE_LOADER = "$(TEST_HOST)";
				CODE_SIGN_STYLE = Automatic;
				CURRENT_PROJECT_VERSION = 1;
				GENERATE_INFOPLIST_FILE = YES;
				IPHONEOS_DEPLOYMENT_TARGET = 16.0;
				MARKETING_VERSION = 1.0;
				PRODUCT_BUNDLE_IDENTIFIER = it.unimi.udriveiosTests;
				PRODUCT_NAME = "$(TARGET_NAME)";
				SWIFT_EMIT_LOC_STRINGS = NO;
				SWIFT_VERSION = 5.0;
				TARGETED_DEVICE_FAMILY = "1,2";
				TEST_HOST = "$(BUILT_PRODUCTS_DIR)/udriveios.app/$(BUNDLE_EXECUTABLE_FOLDER_PATH)/udriveios";
			};
			name = Release;
		};
		C6D2B67A29F966C00030A8AC /* Debug */ = {
			isa = XCBuildConfiguration;
			buildSettings = {
				ALWAYS_EMBED_SWIFT_STANDARD_LIBRARIES = YES;
				CODE_SIGN_STYLE = Automatic;
				CURRENT_PROJECT_VERSION = 1;
				GENERATE_INFOPLIST_FILE = YES;
				IPHONEOS_DEPLOYMENT_TARGET = 16.0;
				MARKETING_VERSION = 1.0;
				PRODUCT_BUNDLE_IDENTIFIER = it.unimi.udriveiosUITests;
				PRODUCT_NAME = "$(TARGET_NAME)";
				SWIFT_EMIT_LOC_STRINGS = NO;
				SWIFT_VERSION = 5.0;
				TARGETED_DEVICE_FAMILY = "1,2";
				TEST_TARGET_NAME = udriveios;
			};
			name = Debug;
		};
		C6D2B67B29F966C00030A8AC /* Release */ = {
			isa = XCBuildConfiguration;
			buildSettings = {
				ALWAYS_EMBED_SWIFT_STANDARD_LIBRARIES = YES;
				CODE_SIGN_STYLE = Automatic;
				CURRENT_PROJECT_VERSION = 1;
				GENERATE_INFOPLIST_FILE = YES;
				IPHONEOS_DEPLOYMENT_TARGET = 16.0;
				MARKETING_VERSION = 1.0;
				PRODUCT_BUNDLE_IDENTIFIER = it.unimi.udriveiosUITests;
				PRODUCT_NAME = "$(TARGET_NAME)";
				SWIFT_EMIT_LOC_STRINGS = NO;
				SWIFT_VERSION = 5.0;
				TARGETED_DEVICE_FAMILY = "1,2";
				TEST_TARGET_NAME = udriveios;
			};
			name = Release;
		};
/* End XCBuildConfiguration section */

/* Begin XCConfigurationList section */
		C6D2B64A29F966BE0030A8AC /* Build configuration list for PBXProject "udriveios" */ = {
			isa = XCConfigurationList;
			buildConfigurations = (
				C6D2B67129F966C00030A8AC /* Debug */,
				C6D2B67229F966C00030A8AC /* Release */,
			);
			defaultConfigurationIsVisible = 0;
			defaultConfigurationName = Release;
		};
		C6D2B67329F966C00030A8AC /* Build configuration list for PBXNativeTarget "udriveios" */ = {
			isa = XCConfigurationList;
			buildConfigurations = (
				C6D2B67429F966C00030A8AC /* Debug */,
				C6D2B67529F966C00030A8AC /* Release */,
			);
			defaultConfigurationIsVisible = 0;
			defaultConfigurationName = Release;
		};
		C6D2B67629F966C00030A8AC /* Build configuration list for PBXNativeTarget "udriveiosTests" */ = {
			isa = XCConfigurationList;
			buildConfigurations = (
				C6D2B67729F966C00030A8AC /* Debug */,
				C6D2B67829F966C00030A8AC /* Release */,
			);
			defaultConfigurationIsVisible = 0;
			defaultConfigurationName = Release;
		};
		C6D2B67929F966C00030A8AC /* Build configuration list for PBXNativeTarget "udriveiosUITests" */ = {
			isa = XCConfigurationList;
			buildConfigurations = (
				C6D2B67A29F966C00030A8AC /* Debug */,
				C6D2B67B29F966C00030A8AC /* Release */,
			);
			defaultConfigurationIsVisible = 0;
			defaultConfigurationName = Release;
		};
/* End XCConfigurationList section */
	};
	rootObject = C6D2B64729F966BE0030A8AC /* Project object */;
}
